// !$*UTF8*$!
{
	archiveVersion = 1;
	classes = {
	};
	objectVersion = 50;
	objects = {

/* Begin PBXBuildFile section */
		674EF44C25D6F93D0054826A /* AppDelegate.swift in Sources */ = {isa = PBXBuildFile; fileRef = 674EF44B25D6F93D0054826A /* AppDelegate.swift */; };
		674EF44E25D6F93D0054826A /* SceneDelegate.swift in Sources */ = {isa = PBXBuildFile; fileRef = 674EF44D25D6F93D0054826A /* SceneDelegate.swift */; };
		674EF45325D6F93D0054826A /* Main.storyboard in Resources */ = {isa = PBXBuildFile; fileRef = 674EF45125D6F93D0054826A /* Main.storyboard */; };
		674EF45525D6F93F0054826A /* Assets.xcassets in Resources */ = {isa = PBXBuildFile; fileRef = 674EF45425D6F93F0054826A /* Assets.xcassets */; };
		674EF45825D6F93F0054826A /* LaunchScreen.storyboard in Resources */ = {isa = PBXBuildFile; fileRef = 674EF45625D6F93F0054826A /* LaunchScreen.storyboard */; };
		674EF46625D6FA430054826A /* Location.swift in Sources */ = {isa = PBXBuildFile; fileRef = 674EF46525D6FA430054826A /* Location.swift */; };
/* End PBXBuildFile section */

/* Begin PBXFileReference section */
		674EF44825D6F93D0054826A /* LyftClone.app */ = {isa = PBXFileReference; explicitFileType = wrapper.application; includeInIndex = 0; path = LyftClone.app; sourceTree = BUILT_PRODUCTS_DIR; };
		674EF44B25D6F93D0054826A /* AppDelegate.swift */ = {isa = PBXFileReference; lastKnownFileType = sourcecode.swift; path = AppDelegate.swift; sourceTree = "<group>"; };
		674EF44D25D6F93D0054826A /* SceneDelegate.swift */ = {isa = PBXFileReference; lastKnownFileType = sourcecode.swift; path = SceneDelegate.swift; sourceTree = "<group>"; };
		674EF45225D6F93D0054826A /* Base */ = {isa = PBXFileReference; lastKnownFileType = file.storyboard; name = Base; path = Base.lproj/Main.storyboard; sourceTree = "<group>"; };
		674EF45425D6F93F0054826A /* Assets.xcassets */ = {isa = PBXFileReference; lastKnownFileType = folder.assetcatalog; path = Assets.xcassets; sourceTree = "<group>"; };
		674EF45725D6F93F0054826A /* Base */ = {isa = PBXFileReference; lastKnownFileType = file.storyboard; name = Base; path = Base.lproj/LaunchScreen.storyboard; sourceTree = "<group>"; };
		674EF45925D6F93F0054826A /* Info.plist */ = {isa = PBXFileReference; lastKnownFileType = text.plist.xml; path = Info.plist; sourceTree = "<group>"; };
		674EF46525D6FA430054826A /* Location.swift */ = {isa = PBXFileReference; lastKnownFileType = sourcecode.swift; path = Location.swift; sourceTree = "<group>"; };
/* End PBXFileReference section */

/* Begin PBXFrameworksBuildPhase section */
		674EF44525D6F93D0054826A /* Frameworks */ = {
			isa = PBXFrameworksBuildPhase;
			buildActionMask = 2147483647;
			files = (
			);
			runOnlyForDeploymentPostprocessing = 0;
		};
/* End PBXFrameworksBuildPhase section */

/* Begin PBXGroup section */
		674EF43F25D6F93D0054826A = {
			isa = PBXGroup;
			children = (
				674EF44A25D6F93D0054826A /* LyftClone */,
				674EF44925D6F93D0054826A /* Products */,
			);
			sourceTree = "<group>";
		};
		674EF44925D6F93D0054826A /* Products */ = {
			isa = PBXGroup;
			children = (
				674EF44825D6F93D0054826A /* LyftClone.app */,
			);
			name = Products;
			sourceTree = "<group>";
		};
		674EF44A25D6F93D0054826A /* LyftClone */ = {
			isa = PBXGroup;
			children = (
				674EF46025D6F9580054826A /* Model */,
				674EF46125D6F95D0054826A /* View */,
				674EF46225D6F9620054826A /* Controller */,
				674EF46325D6F97B0054826A /* Supporting Files */,
				674EF45425D6F93F0054826A /* Assets.xcassets */,
				674EF45925D6F93F0054826A /* Info.plist */,
			);
			path = LyftClone;
			sourceTree = "<group>";
		};
		674EF46025D6F9580054826A /* Model */ = {
			isa = PBXGroup;
			children = (
				674EF46525D6FA430054826A /* Location.swift */,
			);
			path = Model;
			sourceTree = "<group>";
		};
		674EF46125D6F95D0054826A /* View */ = {
			isa = PBXGroup;
			children = (
				674EF45125D6F93D0054826A /* Main.storyboard */,
				674EF45625D6F93F0054826A /* LaunchScreen.storyboard */,
			);
			path = View;
			sourceTree = "<group>";
		};
		674EF46225D6F9620054826A /* Controller */ = {
			isa = PBXGroup;
			children = (
			);
			path = Controller;
			sourceTree = "<group>";
		};
		674EF46325D6F97B0054826A /* Supporting Files */ = {
			isa = PBXGroup;
			children = (
				674EF44B25D6F93D0054826A /* AppDelegate.swift */,
				674EF44D25D6F93D0054826A /* SceneDelegate.swift */,
			);
			path = "Supporting Files";
			sourceTree = "<group>";
		};
/* End PBXGroup section */

/* Begin PBXNativeTarget section */
		674EF44725D6F93D0054826A /* LyftClone */ = {
			isa = PBXNativeTarget;
			buildConfigurationList = 674EF45C25D6F93F0054826A /* Build configuration list for PBXNativeTarget "LyftClone" */;
			buildPhases = (
				674EF44425D6F93D0054826A /* Sources */,
				674EF44525D6F93D0054826A /* Frameworks */,
				674EF44625D6F93D0054826A /* Resources */,
			);
			buildRules = (
			);
			dependencies = (
			);
			name = LyftClone;
			productName = LyftClone;
			productReference = 674EF44825D6F93D0054826A /* LyftClone.app */;
			productType = "com.apple.product-type.application";
		};
/* End PBXNativeTarget section */

/* Begin PBXProject section */
		674EF44025D6F93D0054826A /* Project object */ = {
			isa = PBXProject;
			attributes = {
				LastSwiftUpdateCheck = 1240;
				LastUpgradeCheck = 1240;
				TargetAttributes = {
					674EF44725D6F93D0054826A = {
						CreatedOnToolsVersion = 12.4;
					};
				};
			};
			buildConfigurationList = 674EF44325D6F93D0054826A /* Build configuration list for PBXProject "LyftClone" */;
			compatibilityVersion = "Xcode 9.3";
			developmentRegion = en;
			hasScannedForEncodings = 0;
			knownRegions = (
				en,
				Base,
			);
			mainGroup = 674EF43F25D6F93D0054826A;
			productRefGroup = 674EF44925D6F93D0054826A /* Products */;
			projectDirPath = "";
			projectRoot = "";
			targets = (
				674EF44725D6F93D0054826A /* LyftClone */,
			);
		};
/* End PBXProject section */

/* Begin PBXResourcesBuildPhase section */
		674EF44625D6F93D0054826A /* Resources */ = {
			isa = PBXResourcesBuildPhase;
			buildActionMask = 2147483647;
			files = (
				674EF45825D6F93F0054826A /* LaunchScreen.storyboard in Resources */,
				674EF45525D6F93F0054826A /* Assets.xcassets in Resources */,
				674EF45325D6F93D0054826A /* Main.storyboard in Resources */,
			);
			runOnlyForDeploymentPostprocessing = 0;
		};
/* End PBXResourcesBuildPhase section */

/* Begin PBXSourcesBuildPhase section */
		674EF44425D6F93D0054826A /* Sources */ = {
			isa = PBXSourcesBuildPhase;
			buildActionMask = 2147483647;
			files = (
				674EF44C25D6F93D0054826A /* AppDelegate.swift in Sources */,
				674EF46625D6FA430054826A /* Location.swift in Sources */,
				674EF44E25D6F93D0054826A /* SceneDelegate.swift in Sources */,
			);
			runOnlyForDeploymentPostprocessing = 0;
		};
/* End PBXSourcesBuildPhase section */

/* Begin PBXVariantGroup section */
		674EF45125D6F93D0054826A /* Main.storyboard */ = {
			isa = PBXVariantGroup;
			children = (
				674EF45225D6F93D0054826A /* Base */,
			);
			name = Main.storyboard;
			sourceTree = "<group>";
		};
		674EF45625D6F93F0054826A /* LaunchScreen.storyboard */ = {
			isa = PBXVariantGroup;
			children = (
				674EF45725D6F93F0054826A /* Base */,
			);
			name = LaunchScreen.storyboard;
			sourceTree = "<group>";
		};
/* End PBXVariantGroup section */

/* Begin XCBuildConfiguration section */
		674EF45A25D6F93F0054826A /* Debug */ = {
			isa = XCBuildConfiguration;
			buildSettings = {
				ALWAYS_SEARCH_USER_PATHS = NO;
				CLANG_ANALYZER_NONNULL = YES;
				CLANG_ANALYZER_NUMBER_OBJECT_CONVERSION = YES_AGGRESSIVE;
				CLANG_CXX_LANGUAGE_STANDARD = "gnu++14";
				CLANG_CXX_LIBRARY = "libc++";
				CLANG_ENABLE_MODULES = YES;
				CLANG_ENABLE_OBJC_ARC = YES;
				CLANG_ENABLE_OBJC_WEAK = YES;
				CLANG_WARN_BLOCK_CAPTURE_AUTORELEASING = YES;
				CLANG_WARN_BOOL_CONVERSION = YES;
				CLANG_WARN_COMMA = YES;
				CLANG_WARN_CONSTANT_CONVERSION = YES;
				CLANG_WARN_DEPRECATED_OBJC_IMPLEMENTATIONS = YES;
				CLANG_WARN_DIRECT_OBJC_ISA_USAGE = YES_ERROR;
				CLANG_WARN_DOCUMENTATION_COMMENTS = YES;
				CLANG_WARN_EMPTY_BODY = YES;
				CLANG_WARN_ENUM_CONVERSION = YES;
				CLANG_WARN_INFINITE_RECURSION = YES;
				CLANG_WARN_INT_CONVERSION = YES;
				CLANG_WARN_NON_LITERAL_NULL_CONVERSION = YES;
				CLANG_WARN_OBJC_IMPLICIT_RETAIN_SELF = YES;
				CLANG_WARN_OBJC_LITERAL_CONVERSION = YES;
				CLANG_WARN_OBJC_ROOT_CLASS = YES_ERROR;
				CLANG_WARN_QUOTED_INCLUDE_IN_FRAMEWORK_HEADER = YES;
				CLANG_WARN_RANGE_LOOP_ANALYSIS = YES;
				CLANG_WARN_STRICT_PROTOTYPES = YES;
				CLANG_WARN_SUSPICIOUS_MOVE = YES;
				CLANG_WARN_UNGUARDED_AVAILABILITY = YES_AGGRESSIVE;
				CLANG_WARN_UNREACHABLE_CODE = YES;
				CLANG_WARN__DUPLICATE_METHOD_MATCH = YES;
				COPY_PHASE_STRIP = NO;
				DEBUG_INFORMATION_FORMAT = dwarf;
				ENABLE_STRICT_OBJC_MSGSEND = YES;
				ENABLE_TESTABILITY = YES;
				GCC_C_LANGUAGE_STANDARD = gnu11;
				GCC_DYNAMIC_NO_PIC = NO;
				GCC_NO_COMMON_BLOCKS = YES;
				GCC_OPTIMIZATION_LEVEL = 0;
				GCC_PREPROCESSOR_DEFINITIONS = (
					"DEBUG=1",
					"$(inherited)",
				);
				GCC_WARN_64_TO_32_BIT_CONVERSION = YES;
				GCC_WARN_ABOUT_RETURN_TYPE = YES_ERROR;
				GCC_WARN_UNDECLARED_SELECTOR = YES;
				GCC_WARN_UNINITIALIZED_AUTOS = YES_AGGRESSIVE;
				GCC_WARN_UNUSED_FUNCTION = YES;
				GCC_WARN_UNUSED_VARIABLE = YES;
				IPHONEOS_DEPLOYMENT_TARGET = 14.4;
				MTL_ENABLE_DEBUG_INFO = INCLUDE_SOURCE;
				MTL_FAST_MATH = YES;
				ONLY_ACTIVE_ARCH = YES;
				SDKROOT = iphoneos;
				SWIFT_ACTIVE_COMPILATION_CONDITIONS = DEBUG;
				SWIFT_OPTIMIZATION_LEVEL = "-Onone";
			};
			name = Debug;
		};
		674EF45B25D6F93F0054826A /* Release */ = {
			isa = XCBuildConfiguration;
			buildSettings = {
				ALWAYS_SEARCH_USER_PATHS = NO;
				CLANG_ANALYZER_NONNULL = YES;
				CLANG_ANALYZER_NUMBER_OBJECT_CONVERSION = YES_AGGRESSIVE;
				CLANG_CXX_LANGUAGE_STANDARD = "gnu++14";
				CLANG_CXX_LIBRARY = "libc++";
				CLANG_ENABLE_MODULES = YES;
				CLANG_ENABLE_OBJC_ARC = YES;
				CLANG_ENABLE_OBJC_WEAK = YES;
				CLANG_WARN_BLOCK_CAPTURE_AUTORELEASING = YES;
				CLANG_WARN_BOOL_CONVERSION = YES;
				CLANG_WARN_COMMA = YES;
				CLANG_WARN_CONSTANT_CONVERSION = YES;
				CLANG_WARN_DEPRECATED_OBJC_IMPLEMENTATIONS = YES;
				CLANG_WARN_DIRECT_OBJC_ISA_USAGE = YES_ERROR;
				CLANG_WARN_DOCUMENTATION_COMMENTS = YES;
				CLANG_WARN_EMPTY_BODY = YES;
				CLANG_WARN_ENUM_CONVERSION = YES;
				CLANG_WARN_INFINITE_RECURSION = YES;
				CLANG_WARN_INT_CONVERSION = YES;
				CLANG_WARN_NON_LITERAL_NULL_CONVERSION = YES;
				CLANG_WARN_OBJC_IMPLICIT_RETAIN_SELF = YES;
				CLANG_WARN_OBJC_LITERAL_CONVERSION = YES;
				CLANG_WARN_OBJC_ROOT_CLASS = YES_ERROR;
				CLANG_WARN_QUOTED_INCLUDE_IN_FRAMEWORK_HEADER = YES;
				CLANG_WARN_RANGE_LOOP_ANALYSIS = YES;
				CLANG_WARN_STRICT_PROTOTYPES = YES;
				CLANG_WARN_SUSPICIOUS_MOVE = YES;
				CLANG_WARN_UNGUARDED_AVAILABILITY = YES_AGGRESSIVE;
				CLANG_WARN_UNREACHABLE_CODE = YES;
				CLANG_WARN__DUPLICATE_METHOD_MATCH = YES;
				COPY_PHASE_STRIP = NO;
				DEBUG_INFORMATION_FORMAT = "dwarf-with-dsym";
				ENABLE_NS_ASSERTIONS = NO;
				ENABLE_STRICT_OBJC_MSGSEND = YES;
				GCC_C_LANGUAGE_STANDARD = gnu11;
				GCC_NO_COMMON_BLOCKS = YES;
				GCC_WARN_64_TO_32_BIT_CONVERSION = YES;
				GCC_WARN_ABOUT_RETURN_TYPE = YES_ERROR;
				GCC_WARN_UNDECLARED_SELECTOR = YES;
				GCC_WARN_UNINITIALIZED_AUTOS = YES_AGGRESSIVE;
				GCC_WARN_UNUSED_FUNCTION = YES;
				GCC_WARN_UNUSED_VARIABLE = YES;
				IPHONEOS_DEPLOYMENT_TARGET = 14.4;
				MTL_ENABLE_DEBUG_INFO = NO;
				MTL_FAST_MATH = YES;
				SDKROOT = iphoneos;
				SWIFT_COMPILATION_MODE = wholemodule;
				SWIFT_OPTIMIZATION_LEVEL = "-O";
				VALIDATE_PRODUCT = YES;
			};
			name = Release;
		};
		674EF45D25D6F93F0054826A /* Debug */ = {
			isa = XCBuildConfiguration;
			buildSettings = {
				ASSETCATALOG_COMPILER_APPICON_NAME = AppIcon;
				ASSETCATALOG_COMPILER_GLOBAL_ACCENT_COLOR_NAME = AccentColor;
				CODE_SIGN_STYLE = Automatic;
				DEVELOPMENT_TEAM = H6HD3SW977;
				INFOPLIST_FILE = LyftClone/Info.plist;
				LD_RUNPATH_SEARCH_PATHS = (
					"$(inherited)",
					"@executable_path/Frameworks",
				);
				PRODUCT_BUNDLE_IDENTIFIER = con.jose.LyftClone;
				PRODUCT_NAME = "$(TARGET_NAME)";
				SWIFT_VERSION = 5.0;
				TARGETED_DEVICE_FAMILY = "1,2";
			};
			name = Debug;
		};
		674EF45E25D6F93F0054826A /* Release */ = {
			isa = XCBuildConfiguration;
			buildSettings = {
				ASSETCATALOG_COMPILER_APPICON_NAME = AppIcon;
				ASSETCATALOG_COMPILER_GLOBAL_ACCENT_COLOR_NAME = AccentColor;
				CODE_SIGN_STYLE = Automatic;
				DEVELOPMENT_TEAM = H6HD3SW977;
				INFOPLIST_FILE = LyftClone/Info.plist;
				LD_RUNPATH_SEARCH_PATHS = (
					"$(inherited)",
					"@executable_path/Frameworks",
				);
				PRODUCT_BUNDLE_IDENTIFIER = con.jose.LyftClone;
				PRODUCT_NAME = "$(TARGET_NAME)";
				SWIFT_VERSION = 5.0;
				TARGETED_DEVICE_FAMILY = "1,2";
			};
			name = Release;
		};
/* End XCBuildConfiguration section */

/* Begin XCConfigurationList section */
		674EF44325D6F93D0054826A /* Build configuration list for PBXProject "LyftClone" */ = {
			isa = XCConfigurationList;
			buildConfigurations = (
				674EF45A25D6F93F0054826A /* Debug */,
				674EF45B25D6F93F0054826A /* Release */,
			);
			defaultConfigurationIsVisible = 0;
			defaultConfigurationName = Release;
		};
		674EF45C25D6F93F0054826A /* Build configuration list for PBXNativeTarget "LyftClone" */ = {
			isa = XCConfigurationList;
			buildConfigurations = (
				674EF45D25D6F93F0054826A /* Debug */,
				674EF45E25D6F93F0054826A /* Release */,
			);
			defaultConfigurationIsVisible = 0;
			defaultConfigurationName = Release;
		};
/* End XCConfigurationList section */
	};
	rootObject = 674EF44025D6F93D0054826A /* Project object */;
}
